{
  "requires": true,
  "lockfileVersion": 1,
  "dependencies": {
    "jquery": {
      "version": "3.6.0",
      "resolved": "https://registry.npmjs.org/jquery/-/jquery-3.6.0.tgz",
      "integrity": "sha512-JVzAR/AjBvVt2BmYhxRCSYysDsPcssdmTFnzyLEts9qNwmjmu4JTAMYubEfwVOSwpQ1I1sKKFcxhZCI2buerfw=="
    },
    "rails-ujs": {
      "version": "5.2.8",
      "resolved": "https://registry.npmjs.org/rails-ujs/-/rails-ujs-5.2.8.tgz",
      "integrity": "sha512-qwCTG/7FgRRxQIWJ9vmLF8ucqFVM2Krk+0JWcI5OF485jymGa1Rix8kF5vNHGz/VGUvS2Dhom9PdlsdjMt9Kmg=="
    },
    "turbolinks": {
      "version": "5.2.0",
      "resolved": "https://registry.npmjs.org/turbolinks/-/turbolinks-5.2.0.tgz",
      "integrity": "sha512-pMiez3tyBo6uRHFNNZoYMmrES/IaGgMhQQM+VFF36keryjb5ms0XkVpmKHkfW/4Vy96qiGW3K9bz0tF5sK9bBw=="
    }
  }
}
